
Microsoft Visual Studio Solution File, Format Version 12.00
# Visual Studio Version 17
VisualStudioVersion = 17.10.35013.160
MinimumVisualStudioVersion = 10.0.40219.1
Project("{FAE04EC0-301F-11D3-BF4B-00C04F79EFBC}") = "promotion_management_app", "promotion_management_app\promotion_management_app.csproj", "{DC19940E-346D-4D1C-AEC9-237D2025D9F8}"
EndProject
Project("{2150E333-8FDC-42A3-9474-1A3956D46DE8}") = "APP", "APP", "{7033D8E7-E556-4F7D-B679-502B6933D6E2}"
EndProject
Global
	GlobalSection(SolutionConfigurationPlatforms) = preSolution
		Debug|Any CPU = Debug|Any CPU
		Release|Any CPU = Release|Any CPU
	EndGlobalSection
	GlobalSection(ProjectConfigurationPlatforms) = postSolution
		{DC19940E-346D-4D1C-AEC9-237D2025D9F8}.Debug|Any CPU.ActiveCfg = Debug|Any CPU
		{DC19940E-346D-4D1C-AEC9-237D2025D9F8}.Debug|Any CPU.Build.0 = Debug|Any CPU
		{DC19940E-346D-4D1C-AEC9-237D2025D9F8}.Release|Any CPU.ActiveCfg = Release|Any CPU
		{DC19940E-346D-4D1C-AEC9-237D2025D9F8}.Release|Any CPU.Build.0 = Release|Any CPU
	EndGlobalSection
	GlobalSection(SolutionProperties) = preSolution
		HideSolutionNode = FALSE
	EndGlobalSection
	GlobalSection(NestedProjects) = preSolution
		{DC19940E-346D-4D1C-AEC9-237D2025D9F8} = {7033D8E7-E556-4F7D-B679-502B6933D6E2}
	EndGlobalSection
	GlobalSection(ExtensibilityGlobals) = postSolution
		SolutionGuid = {37EE54DE-9B6E-4231-A1FF-467340DE66DD}
	EndGlobalSection
EndGlobal
